
Microsoft Visual Studio Solution File, Format Version 12.00
# Visual Studio Version 16
VisualStudioVersion = 25.0.1706.11
MinimumVisualStudioVersion = 10.0.40219.1
Project("{FAE04EC0-301F-11D3-BF4B-00C04F79EFBC}") = "tpmodul10_1302220031", "tpmodul10_1302220031.csproj", "{09BA5545-879B-468C-98DB-884181E24C73}"
EndProject
Global
	GlobalSection(SolutionConfigurationPlatforms) = preSolution
		Debug|Any CPU = Debug|Any CPU
		Release|Any CPU = Release|Any CPU
	EndGlobalSection
	GlobalSection(ProjectConfigurationPlatforms) = postSolution
		{09BA5545-879B-468C-98DB-884181E24C73}.Debug|Any CPU.ActiveCfg = Debug|Any CPU
		{09BA5545-879B-468C-98DB-884181E24C73}.Debug|Any CPU.Build.0 = Debug|Any CPU
		{09BA5545-879B-468C-98DB-884181E24C73}.Release|Any CPU.ActiveCfg = Release|Any CPU
		{09BA5545-879B-468C-98DB-884181E24C73}.Release|Any CPU.Build.0 = Release|Any CPU
	EndGlobalSection
	GlobalSection(SolutionProperties) = preSolution
		HideSolutionNode = FALSE
	EndGlobalSection
	GlobalSection(ExtensibilityGlobals) = postSolution
		SolutionGuid = {4602E689-4614-4594-B13E-4257356B7BFE}
	EndGlobalSection
EndGlobal
